
Microsoft Visual Studio Solution File, Format Version 12.00
# Visual Studio Version 17
VisualStudioVersion = 17.7.34221.43
MinimumVisualStudioVersion = 10.0.40219.1
Project("{E24C65DC-7377-472B-9ABA-BC803B73C61A}") = "NavneethRM", ".", "{0C538755-F8CA-4F01-8BD2-51AD8F9C6D3B}"
	ProjectSection(WebsiteProperties) = preProject
		TargetFrameworkMoniker = ".NETFramework,Version%3Dv4.8"
		Debug.AspNetCompiler.VirtualPath = "/localhost_49918"
		Debug.AspNetCompiler.PhysicalPath = "..\NavneethRM\"
		Debug.AspNetCompiler.TargetPath = "PrecompiledWeb\localhost_49918\"
		Debug.AspNetCompiler.Updateable = "true"
		Debug.AspNetCompiler.ForceOverwrite = "true"
		Debug.AspNetCompiler.FixedNames = "false"
		Debug.AspNetCompiler.Debug = "True"
		Release.AspNetCompiler.VirtualPath = "/localhost_49918"
		Release.AspNetCompiler.PhysicalPath = "..\NavneethRM\"
		Release.AspNetCompiler.TargetPath = "PrecompiledWeb\localhost_49918\"
		Release.AspNetCompiler.Updateable = "true"
		Release.AspNetCompiler.ForceOverwrite = "true"
		Release.AspNetCompiler.FixedNames = "false"
		Release.AspNetCompiler.Debug = "False"
		VWDPort = "49918"
		SlnRelativePath = "..\NavneethRM\"
	EndProjectSection
EndProject
Global
	GlobalSection(SolutionConfigurationPlatforms) = preSolution
		Debug|Any CPU = Debug|Any CPU
	EndGlobalSection
	GlobalSection(ProjectConfigurationPlatforms) = postSolution
		{0C538755-F8CA-4F01-8BD2-51AD8F9C6D3B}.Debug|Any CPU.ActiveCfg = Debug|Any CPU
		{0C538755-F8CA-4F01-8BD2-51AD8F9C6D3B}.Debug|Any CPU.Build.0 = Debug|Any CPU
	EndGlobalSection
	GlobalSection(SolutionProperties) = preSolution
		HideSolutionNode = FALSE
	EndGlobalSection
	GlobalSection(ExtensibilityGlobals) = postSolution
		SolutionGuid = {BCC4772F-CB22-41FA-9620-B65B0409AD63}
	EndGlobalSection
EndGlobal
